// !$*UTF8*$!
{
	archiveVersion = 1;
	classes = {
	};
	objectVersion = 56;
	objects = {

/* Begin PBXBuildFile section */
		90144EE82A0D2AB3003501B7 /* AppDelegate.swift in Sources */ = {isa = PBXBuildFile; fileRef = 90144EE72A0D2AB3003501B7 /* AppDelegate.swift */; };
		90144EEA2A0D2AB3003501B7 /* SceneDelegate.swift in Sources */ = {isa = PBXBuildFile; fileRef = 90144EE92A0D2AB3003501B7 /* SceneDelegate.swift */; };
		90144EEC2A0D2AB3003501B7 /* ViewController.swift in Sources */ = {isa = PBXBuildFile; fileRef = 90144EEB2A0D2AB3003501B7 /* ViewController.swift */; };
		90144EEF2A0D2AB3003501B7 /* Main.storyboard in Resources */ = {isa = PBXBuildFile; fileRef = 90144EED2A0D2AB3003501B7 /* Main.storyboard */; };
		90144EF22A0D2AB3003501B7 /* testTestTest.xcdatamodeld in Sources */ = {isa = PBXBuildFile; fileRef = 90144EF02A0D2AB3003501B7 /* testTestTest.xcdatamodeld */; };
		90144EF42A0D2AB4003501B7 /* Assets.xcassets in Resources */ = {isa = PBXBuildFile; fileRef = 90144EF32A0D2AB4003501B7 /* Assets.xcassets */; };
		90144EF72A0D2AB4003501B7 /* LaunchScreen.storyboard in Resources */ = {isa = PBXBuildFile; fileRef = 90144EF52A0D2AB4003501B7 /* LaunchScreen.storyboard */; };
/* End PBXBuildFile section */

/* Begin PBXFileReference section */
		90144EE42A0D2AB3003501B7 /* testTestTest.app */ = {isa = PBXFileReference; explicitFileType = wrapper.application; includeInIndex = 0; path = testTestTest.app; sourceTree = BUILT_PRODUCTS_DIR; };
		90144EE72A0D2AB3003501B7 /* AppDelegate.swift */ = {isa = PBXFileReference; lastKnownFileType = sourcecode.swift; path = AppDelegate.swift; sourceTree = "<group>"; };
		90144EE92A0D2AB3003501B7 /* SceneDelegate.swift */ = {isa = PBXFileReference; lastKnownFileType = sourcecode.swift; path = SceneDelegate.swift; sourceTree = "<group>"; };
		90144EEB2A0D2AB3003501B7 /* ViewController.swift */ = {isa = PBXFileReference; lastKnownFileType = sourcecode.swift; path = ViewController.swift; sourceTree = "<group>"; };
		90144EEE2A0D2AB3003501B7 /* Base */ = {isa = PBXFileReference; lastKnownFileType = file.storyboard; name = Base; path = Base.lproj/Main.storyboard; sourceTree = "<group>"; };
		90144EF12A0D2AB3003501B7 /* testTestTest.xcdatamodel */ = {isa = PBXFileReference; lastKnownFileType = wrapper.xcdatamodel; path = testTestTest.xcdatamodel; sourceTree = "<group>"; };
		90144EF32A0D2AB4003501B7 /* Assets.xcassets */ = {isa = PBXFileReference; lastKnownFileType = folder.assetcatalog; path = Assets.xcassets; sourceTree = "<group>"; };
		90144EF62A0D2AB4003501B7 /* Base */ = {isa = PBXFileReference; lastKnownFileType = file.storyboard; name = Base; path = Base.lproj/LaunchScreen.storyboard; sourceTree = "<group>"; };
		90144EF82A0D2AB4003501B7 /* Info.plist */ = {isa = PBXFileReference; lastKnownFileType = text.plist.xml; path = Info.plist; sourceTree = "<group>"; };
/* End PBXFileReference section */

/* Begin PBXFrameworksBuildPhase section */
		90144EE12A0D2AB3003501B7 /* Frameworks */ = {
			isa = PBXFrameworksBuildPhase;
			buildActionMask = 2147483647;
			files = (
			);
			runOnlyForDeploymentPostprocessing = 0;
		};
/* End PBXFrameworksBuildPhase section */

/* Begin PBXGroup section */
		90144EDB2A0D2AB3003501B7 = {
			isa = PBXGroup;
			children = (
				90144EE62A0D2AB3003501B7 /* testTestTest */,
				90144EE52A0D2AB3003501B7 /* Products */,
			);
			sourceTree = "<group>";
		};
		90144EE52A0D2AB3003501B7 /* Products */ = {
			isa = PBXGroup;
			children = (
				90144EE42A0D2AB3003501B7 /* testTestTest.app */,
			);
			name = Products;
			sourceTree = "<group>";
		};
		90144EE62A0D2AB3003501B7 /* testTestTest */ = {
			isa = PBXGroup;
			children = (
				90144EE72A0D2AB3003501B7 /* AppDelegate.swift */,
				90144EE92A0D2AB3003501B7 /* SceneDelegate.swift */,
				90144EEB2A0D2AB3003501B7 /* ViewController.swift */,
				90144EED2A0D2AB3003501B7 /* Main.storyboard */,
				90144EF32A0D2AB4003501B7 /* Assets.xcassets */,
				90144EF52A0D2AB4003501B7 /* LaunchScreen.storyboard */,
				90144EF82A0D2AB4003501B7 /* Info.plist */,
				90144EF02A0D2AB3003501B7 /* testTestTest.xcdatamodeld */,
			);
			path = testTestTest;
			sourceTree = "<group>";
		};
/* End PBXGroup section */

/* Begin PBXNativeTarget section */
		90144EE32A0D2AB3003501B7 /* testTestTest */ = {
			isa = PBXNativeTarget;
			buildConfigurationList = 90144EFB2A0D2AB4003501B7 /* Build configuration list for PBXNativeTarget "testTestTest" */;
			buildPhases = (
				90144EE02A0D2AB3003501B7 /* Sources */,
				90144EE12A0D2AB3003501B7 /* Frameworks */,
				90144EE22A0D2AB3003501B7 /* Resources */,
			);
			buildRules = (
			);
			dependencies = (
			);
			name = testTestTest;
			productName = testTestTest;
			productReference = 90144EE42A0D2AB3003501B7 /* testTestTest.app */;
			productType = "com.apple.product-type.application";
		};
/* End PBXNativeTarget section */

/* Begin PBXProject section */
		90144EDC2A0D2AB3003501B7 /* Project object */ = {
			isa = PBXProject;
			attributes = {
				BuildIndependentTargetsInParallel = 1;
				LastSwiftUpdateCheck = 1430;
				LastUpgradeCheck = 1430;
				TargetAttributes = {
					90144EE32A0D2AB3003501B7 = {
						CreatedOnToolsVersion = 14.3;
					};
				};
			};
			buildConfigurationList = 90144EDF2A0D2AB3003501B7 /* Build configuration list for PBXProject "testTestTest" */;
			compatibilityVersion = "Xcode 14.0";
			developmentRegion = en;
			hasScannedForEncodings = 0;
			knownRegions = (
				en,
				Base,
			);
			mainGroup = 90144EDB2A0D2AB3003501B7;
			productRefGroup = 90144EE52A0D2AB3003501B7 /* Products */;
			projectDirPath = "";
			projectRoot = "";
			targets = (
				90144EE32A0D2AB3003501B7 /* testTestTest */,
			);
		};
/* End PBXProject section */

/* Begin PBXResourcesBuildPhase section */
		90144EE22A0D2AB3003501B7 /* Resources */ = {
			isa = PBXResourcesBuildPhase;
			buildActionMask = 2147483647;
			files = (
				90144EF72A0D2AB4003501B7 /* LaunchScreen.storyboard in Resources */,
				90144EF42A0D2AB4003501B7 /* Assets.xcassets in Resources */,
				90144EEF2A0D2AB3003501B7 /* Main.storyboard in Resources */,
			);
			runOnlyForDeploymentPostprocessing = 0;
		};
/* End PBXResourcesBuildPhase section */

/* Begin PBXSourcesBuildPhase section */
		90144EE02A0D2AB3003501B7 /* Sources */ = {
			isa = PBXSourcesBuildPhase;
			buildActionMask = 2147483647;
			files = (
				90144EEC2A0D2AB3003501B7 /* ViewController.swift in Sources */,
				90144EF22A0D2AB3003501B7 /* testTestTest.xcdatamodeld in Sources */,
				90144EE82A0D2AB3003501B7 /* AppDelegate.swift in Sources */,
				90144EEA2A0D2AB3003501B7 /* SceneDelegate.swift in Sources */,
			);
			runOnlyForDeploymentPostprocessing = 0;
		};
/* End PBXSourcesBuildPhase section */

/* Begin PBXVariantGroup section */
		90144EED2A0D2AB3003501B7 /* Main.storyboard */ = {
			isa = PBXVariantGroup;
			children = (
				90144EEE2A0D2AB3003501B7 /* Base */,
			);
			name = Main.storyboard;
			sourceTree = "<group>";
		};
		90144EF52A0D2AB4003501B7 /* LaunchScreen.storyboard */ = {
			isa = PBXVariantGroup;
			children = (
				90144EF62A0D2AB4003501B7 /* Base */,
			);
			name = LaunchScreen.storyboard;
			sourceTree = "<group>";
		};
/* End PBXVariantGroup section */

/* Begin XCBuildConfiguration section */
		90144EF92A0D2AB4003501B7 /* Debug */ = {
			isa = XCBuildConfiguration;
			buildSettings = {
				ALWAYS_SEARCH_USER_PATHS = NO;
				CLANG_ANALYZER_NONNULL = YES;
				CLANG_ANALYZER_NUMBER_OBJECT_CONVERSION = YES_AGGRESSIVE;
				CLANG_CXX_LANGUAGE_STANDARD = "gnu++20";
				CLANG_ENABLE_MODULES = YES;
				CLANG_ENABLE_OBJC_ARC = YES;
				CLANG_ENABLE_OBJC_WEAK = YES;
				CLANG_WARN_BLOCK_CAPTURE_AUTORELEASING = YES;
				CLANG_WARN_BOOL_CONVERSION = YES;
				CLANG_WARN_COMMA = YES;
				CLANG_WARN_CONSTANT_CONVERSION = YES;
				CLANG_WARN_DEPRECATED_OBJC_IMPLEMENTATIONS = YES;
				CLANG_WARN_DIRECT_OBJC_ISA_USAGE = YES_ERROR;
				CLANG_WARN_DOCUMENTATION_COMMENTS = YES;
				CLANG_WARN_EMPTY_BODY = YES;
				CLANG_WARN_ENUM_CONVERSION = YES;
				CLANG_WARN_INFINITE_RECURSION = YES;
				CLANG_WARN_INT_CONVERSION = YES;
				CLANG_WARN_NON_LITERAL_NULL_CONVERSION = YES;
				CLANG_WARN_OBJC_IMPLICIT_RETAIN_SELF = YES;
				CLANG_WARN_OBJC_LITERAL_CONVERSION = YES;
				CLANG_WARN_OBJC_ROOT_CLASS = YES_ERROR;
				CLANG_WARN_QUOTED_INCLUDE_IN_FRAMEWORK_HEADER = YES;
				CLANG_WARN_RANGE_LOOP_ANALYSIS = YES;
				CLANG_WARN_STRICT_PROTOTYPES = YES;
				CLANG_WARN_SUSPICIOUS_MOVE = YES;
				CLANG_WARN_UNGUARDED_AVAILABILITY = YES_AGGRESSIVE;
				CLANG_WARN_UNREACHABLE_CODE = YES;
				CLANG_WARN__DUPLICATE_METHOD_MATCH = YES;
				COPY_PHASE_STRIP = NO;
				DEBUG_INFORMATION_FORMAT = dwarf;
				ENABLE_STRICT_OBJC_MSGSEND = YES;
				ENABLE_TESTABILITY = YES;
				GCC_C_LANGUAGE_STANDARD = gnu11;
				GCC_DYNAMIC_NO_PIC = NO;
				GCC_NO_COMMON_BLOCKS = YES;
				GCC_OPTIMIZATION_LEVEL = 0;
				GCC_PREPROCESSOR_DEFINITIONS = (
					"DEBUG=1",
					"$(inherited)",
				);
				GCC_WARN_64_TO_32_BIT_CONVERSION = YES;
				GCC_WARN_ABOUT_RETURN_TYPE = YES_ERROR;
				GCC_WARN_UNDECLARED_SELECTOR = YES;
				GCC_WARN_UNINITIALIZED_AUTOS = YES_AGGRESSIVE;
				GCC_WARN_UNUSED_FUNCTION = YES;
				GCC_WARN_UNUSED_VARIABLE = YES;
				IPHONEOS_DEPLOYMENT_TARGET = 16.4;
				MTL_ENABLE_DEBUG_INFO = INCLUDE_SOURCE;
				MTL_FAST_MATH = YES;
				ONLY_ACTIVE_ARCH = YES;
				SDKROOT = iphoneos;
				SWIFT_ACTIVE_COMPILATION_CONDITIONS = DEBUG;
				SWIFT_OPTIMIZATION_LEVEL = "-Onone";
			};
			name = Debug;
		};
		90144EFA2A0D2AB4003501B7 /* Release */ = {
			isa = XCBuildConfiguration;
			buildSettings = {
				ALWAYS_SEARCH_USER_PATHS = NO;
				CLANG_ANALYZER_NONNULL = YES;
				CLANG_ANALYZER_NUMBER_OBJECT_CONVERSION = YES_AGGRESSIVE;
				CLANG_CXX_LANGUAGE_STANDARD = "gnu++20";
				CLANG_ENABLE_MODULES = YES;
				CLANG_ENABLE_OBJC_ARC = YES;
				CLANG_ENABLE_OBJC_WEAK = YES;
				CLANG_WARN_BLOCK_CAPTURE_AUTORELEASING = YES;
				CLANG_WARN_BOOL_CONVERSION = YES;
				CLANG_WARN_COMMA = YES;
				CLANG_WARN_CONSTANT_CONVERSION = YES;
				CLANG_WARN_DEPRECATED_OBJC_IMPLEMENTATIONS = YES;
				CLANG_WARN_DIRECT_OBJC_ISA_USAGE = YES_ERROR;
				CLANG_WARN_DOCUMENTATION_COMMENTS = YES;
				CLANG_WARN_EMPTY_BODY = YES;
				CLANG_WARN_ENUM_CONVERSION = YES;
				CLANG_WARN_INFINITE_RECURSION = YES;
				CLANG_WARN_INT_CONVERSION = YES;
				CLANG_WARN_NON_LITERAL_NULL_CONVERSION = YES;
				CLANG_WARN_OBJC_IMPLICIT_RETAIN_SELF = YES;
				CLANG_WARN_OBJC_LITERAL_CONVERSION = YES;
				CLANG_WARN_OBJC_ROOT_CLASS = YES_ERROR;
				CLANG_WARN_QUOTED_INCLUDE_IN_FRAMEWORK_HEADER = YES;
				CLANG_WARN_RANGE_LOOP_ANALYSIS = YES;
				CLANG_WARN_STRICT_PROTOTYPES = YES;
				CLANG_WARN_SUSPICIOUS_MOVE = YES;
				CLANG_WARN_UNGUARDED_AVAILABILITY = YES_AGGRESSIVE;
				CLANG_WARN_UNREACHABLE_CODE = YES;
				CLANG_WARN__DUPLICATE_METHOD_MATCH = YES;
				COPY_PHASE_STRIP = NO;
				DEBUG_INFORMATION_FORMAT = "dwarf-with-dsym";
				ENABLE_NS_ASSERTIONS = NO;
				ENABLE_STRICT_OBJC_MSGSEND = YES;
				GCC_C_LANGUAGE_STANDARD = gnu11;
				GCC_NO_COMMON_BLOCKS = YES;
				GCC_WARN_64_TO_32_BIT_CONVERSION = YES;
				GCC_WARN_ABOUT_RETURN_TYPE = YES_ERROR;
				GCC_WARN_UNDECLARED_SELECTOR = YES;
				GCC_WARN_UNINITIALIZED_AUTOS = YES_AGGRESSIVE;
				GCC_WARN_UNUSED_FUNCTION = YES;
				GCC_WARN_UNUSED_VARIABLE = YES;
				IPHONEOS_DEPLOYMENT_TARGET = 16.4;
				MTL_ENABLE_DEBUG_INFO = NO;
				MTL_FAST_MATH = YES;
				SDKROOT = iphoneos;
				SWIFT_COMPILATION_MODE = wholemodule;
				SWIFT_OPTIMIZATION_LEVEL = "-O";
				VALIDATE_PRODUCT = YES;
			};
			name = Release;
		};
		90144EFC2A0D2AB4003501B7 /* Debug */ = {
			isa = XCBuildConfiguration;
			buildSettings = {
				ASSETCATALOG_COMPILER_APPICON_NAME = AppIcon;
				ASSETCATALOG_COMPILER_GLOBAL_ACCENT_COLOR_NAME = AccentColor;
				CODE_SIGN_STYLE = Automatic;
				CURRENT_PROJECT_VERSION = 1;
				GENERATE_INFOPLIST_FILE = YES;
				INFOPLIST_FILE = testTestTest/Info.plist;
				INFOPLIST_KEY_UIApplicationSupportsIndirectInputEvents = YES;
				INFOPLIST_KEY_UILaunchStoryboardName = LaunchScreen;
				INFOPLIST_KEY_UIMainStoryboardFile = Main;
				INFOPLIST_KEY_UISupportedInterfaceOrientations_iPad = "UIInterfaceOrientationPortrait UIInterfaceOrientationPortraitUpsideDown UIInterfaceOrientationLandscapeLeft UIInterfaceOrientationLandscapeRight";
				INFOPLIST_KEY_UISupportedInterfaceOrientations_iPhone = "UIInterfaceOrientationPortrait UIInterfaceOrientationLandscapeLeft UIInterfaceOrientationLandscapeRight";
				LD_RUNPATH_SEARCH_PATHS = (
					"$(inherited)",
					"@executable_path/Frameworks",
				);
				MARKETING_VERSION = 1.0;
				PRODUCT_BUNDLE_IDENTIFIER = com.WestlandMan25.testTestTest;
				PRODUCT_NAME = "$(TARGET_NAME)";
				SWIFT_EMIT_LOC_STRINGS = YES;
				SWIFT_VERSION = 5.0;
				TARGETED_DEVICE_FAMILY = "1,2";
			};
			name = Debug;
		};
		90144EFD2A0D2AB4003501B7 /* Release */ = {
			isa = XCBuildConfiguration;
			buildSettings = {
				ASSETCATALOG_COMPILER_APPICON_NAME = AppIcon;
				ASSETCATALOG_COMPILER_GLOBAL_ACCENT_COLOR_NAME = AccentColor;
				CODE_SIGN_STYLE = Automatic;
				CURRENT_PROJECT_VERSION = 1;
				GENERATE_INFOPLIST_FILE = YES;
				INFOPLIST_FILE = testTestTest/Info.plist;
				INFOPLIST_KEY_UIApplicationSupportsIndirectInputEvents = YES;
				INFOPLIST_KEY_UILaunchStoryboardName = LaunchScreen;
				INFOPLIST_KEY_UIMainStoryboardFile = Main;
				INFOPLIST_KEY_UISupportedInterfaceOrientations_iPad = "UIInterfaceOrientationPortrait UIInterfaceOrientationPortraitUpsideDown UIInterfaceOrientationLandscapeLeft UIInterfaceOrientationLandscapeRight";
				INFOPLIST_KEY_UISupportedInterfaceOrientations_iPhone = "UIInterfaceOrientationPortrait UIInterfaceOrientationLandscapeLeft UIInterfaceOrientationLandscapeRight";
				LD_RUNPATH_SEARCH_PATHS = (
					"$(inherited)",
					"@executable_path/Frameworks",
				);
				MARKETING_VERSION = 1.0;
				PRODUCT_BUNDLE_IDENTIFIER = com.WestlandMan25.testTestTest;
				PRODUCT_NAME = "$(TARGET_NAME)";
				SWIFT_EMIT_LOC_STRINGS = YES;
				SWIFT_VERSION = 5.0;
				TARGETED_DEVICE_FAMILY = "1,2";
			};
			name = Release;
		};
/* End XCBuildConfiguration section */

/* Begin XCConfigurationList section */
		90144EDF2A0D2AB3003501B7 /* Build configuration list for PBXProject "testTestTest" */ = {
			isa = XCConfigurationList;
			buildConfigurations = (
				90144EF92A0D2AB4003501B7 /* Debug */,
				90144EFA2A0D2AB4003501B7 /* Release */,
			);
			defaultConfigurationIsVisible = 0;
			defaultConfigurationName = Release;
		};
		90144EFB2A0D2AB4003501B7 /* Build configuration list for PBXNativeTarget "testTestTest" */ = {
			isa = XCConfigurationList;
			buildConfigurations = (
				90144EFC2A0D2AB4003501B7 /* Debug */,
				90144EFD2A0D2AB4003501B7 /* Release */,
			);
			defaultConfigurationIsVisible = 0;
			defaultConfigurationName = Release;
		};
/* End XCConfigurationList section */

/* Begin XCVersionGroup section */
		90144EF02A0D2AB3003501B7 /* testTestTest.xcdatamodeld */ = {
			isa = XCVersionGroup;
			children = (
				90144EF12A0D2AB3003501B7 /* testTestTest.xcdatamodel */,
			);
			currentVersion = 90144EF12A0D2AB3003501B7 /* testTestTest.xcdatamodel */;
			path = testTestTest.xcdatamodeld;
			sourceTree = "<group>";
			versionGroupType = wrapper.xcdatamodel;
		};
/* End XCVersionGroup section */
	};
	rootObject = 90144EDC2A0D2AB3003501B7 /* Project object */;
}
